
Microsoft Visual Studio Solution File, Format Version 12.00
# Visual Studio Version 17
VisualStudioVersion = 17.6.33815.320
MinimumVisualStudioVersion = 10.0.40219.1
Project("{FAE04EC0-301F-11D3-BF4B-00C04F79EFBC}") = "Bikbulatov41", "Bikbulatov41.csproj", "{D399AC80-4EAE-4CAA-BC18-62837EA51461}"
EndProject
Global
	GlobalSection(SolutionConfigurationPlatforms) = preSolution
		Debug|Any CPU = Debug|Any CPU
		Release|Any CPU = Release|Any CPU
	EndGlobalSection
	GlobalSection(ProjectConfigurationPlatforms) = postSolution
		{D399AC80-4EAE-4CAA-BC18-62837EA51461}.Debug|Any CPU.ActiveCfg = Debug|Any CPU
		{D399AC80-4EAE-4CAA-BC18-62837EA51461}.Debug|Any CPU.Build.0 = Debug|Any CPU
		{D399AC80-4EAE-4CAA-BC18-62837EA51461}.Release|Any CPU.ActiveCfg = Release|Any CPU
		{D399AC80-4EAE-4CAA-BC18-62837EA51461}.Release|Any CPU.Build.0 = Release|Any CPU
	EndGlobalSection
	GlobalSection(SolutionProperties) = preSolution
		HideSolutionNode = FALSE
	EndGlobalSection
	GlobalSection(ExtensibilityGlobals) = postSolution
		SolutionGuid = {8A0510D4-6173-4731-B474-71FAE0A73BA2}
	EndGlobalSection
EndGlobal
